
Microsoft Visual Studio Solution File, Format Version 12.00
# Visual Studio Version 17
VisualStudioVersion = 17.5.33516.290
MinimumVisualStudioVersion = 10.0.40219.1
Project("{FAE04EC0-301F-11D3-BF4B-00C04F79EFBC}") = "Revision 1.2", "Revision 1.2\Revision 1.2.csproj", "{11690A5F-0806-46F3-BA94-C3972E258600}"
EndProject
Global
	GlobalSection(SolutionConfigurationPlatforms) = preSolution
		Debug|Any CPU = Debug|Any CPU
		Release|Any CPU = Release|Any CPU
	EndGlobalSection
	GlobalSection(ProjectConfigurationPlatforms) = postSolution
		{11690A5F-0806-46F3-BA94-C3972E258600}.Debug|Any CPU.ActiveCfg = Debug|Any CPU
		{11690A5F-0806-46F3-BA94-C3972E258600}.Debug|Any CPU.Build.0 = Debug|Any CPU
		{11690A5F-0806-46F3-BA94-C3972E258600}.Release|Any CPU.ActiveCfg = Release|Any CPU
		{11690A5F-0806-46F3-BA94-C3972E258600}.Release|Any CPU.Build.0 = Release|Any CPU
	EndGlobalSection
	GlobalSection(SolutionProperties) = preSolution
		HideSolutionNode = FALSE
	EndGlobalSection
	GlobalSection(ExtensibilityGlobals) = postSolution
		SolutionGuid = {13033337-8B9B-4E9A-9AE2-36995E59C690}
	EndGlobalSection
EndGlobal
